
Microsoft Visual Studio Solution File, Format Version 12.00
# Visual Studio Version 17
VisualStudioVersion = 17.0.31912.275
MinimumVisualStudioVersion = 10.0.40219.1
Project("{FAE04EC0-301F-11D3-BF4B-00C04F79EFBC}") = "CoffeeMaster", "CoffeeMaster.csproj", "{BED657A0-CF14-4FB5-81C6-B718492AB39C}"
EndProject
Global
	GlobalSection(SolutionConfigurationPlatforms) = preSolution
		Debug|Any CPU = Debug|Any CPU
		Release|Any CPU = Release|Any CPU
	EndGlobalSection
	GlobalSection(ProjectConfigurationPlatforms) = postSolution
		{BED657A0-CF14-4FB5-81C6-B718492AB39C}.Debug|Any CPU.ActiveCfg = Debug|Any CPU
		{BED657A0-CF14-4FB5-81C6-B718492AB39C}.Debug|Any CPU.Build.0 = Debug|Any CPU
		{BED657A0-CF14-4FB5-81C6-B718492AB39C}.Release|Any CPU.ActiveCfg = Release|Any CPU
		{BED657A0-CF14-4FB5-81C6-B718492AB39C}.Release|Any CPU.Build.0 = Release|Any CPU
	EndGlobalSection
	GlobalSection(SolutionProperties) = preSolution
		HideSolutionNode = FALSE
	EndGlobalSection
	GlobalSection(ExtensibilityGlobals) = postSolution
		SolutionGuid = {349F08EF-E60B-4A1E-BD35-2CB3DD6BCCB8}
	EndGlobalSection
EndGlobal
